
Microsoft Visual Studio Solution File, Format Version 12.00
# Visual Studio 15
VisualStudioVersion = 15.0.27130.2010
MinimumVisualStudioVersion = 10.0.40219.1
Project("{FAE04EC0-301F-11D3-BF4B-00C04F79EFBC}") = "Sekreter.Core", "src\Sekreter.Core\Sekreter.Core.csproj", "{161AF291-4820-4FCF-BF0F-BE970FE388C7}"
EndProject
Project("{FAE04EC0-301F-11D3-BF4B-00C04F79EFBC}") = "Sekreter.UI", "src\Sekreter.UI\Sekreter.UI.csproj", "{736DDE51-CC7A-49EF-BF27-FE89405C68BE}"
EndProject
Project("{FAE04EC0-301F-11D3-BF4B-00C04F79EFBC}") = "Sekreter.Droid", "src\Sekreter.Droid\Sekreter.Droid.csproj", "{61F49D00-BF91-4B81-8DC3-F92BE1740753}"
EndProject
Project("{FAE04EC0-301F-11D3-BF4B-00C04F79EFBC}") = "Sekreter.iOS", "src\Sekreter.iOS\Sekreter.iOS.csproj", "{0366E043-12F2-4299-AF8E-CB6089F3C41D}"
EndProject
Project("{FAE04EC0-301F-11D3-BF4B-00C04F79EFBC}") = "Sekreter.Core.Test", "test\Sekreter.Core.Test\Sekreter.Core.Test.csproj", "{A339E268-0470-4584-955A-E92196DCD0EF}"
EndProject
Project("{FAE04EC0-301F-11D3-BF4B-00C04F79EFBC}") = "Sekreter.Droid.Test", "test\Sekreter.Droid.Test\Sekreter.Droid.Test.csproj", "{D5D98616-792A-41C5-96C9-37668E6860D4}"
EndProject
Project("{D954291E-2A0B-460D-934E-DC6B0785DB48}") = "Sekreter.Droid.Shared", "src\Sekreter.Droid.Shared\Sekreter.Droid.Shared.shproj", "{D171D0C7-FDDA-46BF-A937-7B9D60A3D3ED}"
EndProject
Project("{FAE04EC0-301F-11D3-BF4B-00C04F79EFBC}") = "Sekreter.iOS.Test", "test\Sekreter.iOS.Test\Sekreter.iOS.Test.csproj", "{AC0DC92A-FED1-412A-BD45-41EAE498C408}"
EndProject
Project("{FAE04EC0-301F-11D3-BF4B-00C04F79EFBC}") = "Sekreter.UI.Test", "test\Sekreter.UI.Test\Sekreter.UI.Test.csproj", "{39B03BF0-D036-4DA4-AFF5-64C22298C609}"
EndProject
Project("{2150E333-8FDC-42A3-9474-1A3956D46DE8}") = "!Solution Items", "!Solution Items", "{704641D0-3FA7-430E-9B8C-F5E36E5A6989}"
	ProjectSection(SolutionItems) = preProject
		.editorconfig = .editorconfig
	EndProjectSection
EndProject
Global
	GlobalSection(SharedMSBuildProjectFiles) = preSolution
		src\Sekreter.Droid.Shared\Sekreter.Droid.Shared.projitems*{61F49D00-BF91-4B81-8DC3-F92BE1740753}*SharedItemsImports = 4
		src\Sekreter.Droid.Shared\Sekreter.Droid.Shared.projitems*{D5D98616-792A-41C5-96C9-37668E6860D4}*SharedItemsImports = 4
		src\Sekreter.Droid.Shared\Sekreter.Droid.Shared.projitems*{D171D0C7-FDDA-46BF-A937-7B9D60A3D3ED}*SharedItemsImports = 13
	EndGlobalSection
	GlobalSection(SolutionConfigurationPlatforms) = preSolution
		Debug|Any CPU = Debug|Any CPU
		Debug|ARM = Debug|ARM
		Debug|iPhone = Debug|iPhone
		Debug|iPhoneSimulator = Debug|iPhoneSimulator
		Debug|x64 = Debug|x64
		Debug|x86 = Debug|x86
		Release|Any CPU = Release|Any CPU
		Release|ARM = Release|ARM
		Release|iPhone = Release|iPhone
		Release|iPhoneSimulator = Release|iPhoneSimulator
		Release|x64 = Release|x64
		Release|x86 = Release|x86
	EndGlobalSection
	GlobalSection(ProjectConfigurationPlatforms) = postSolution
		{161AF291-4820-4FCF-BF0F-BE970FE388C7}.Debug|Any CPU.ActiveCfg = Debug|Any CPU
		{161AF291-4820-4FCF-BF0F-BE970FE388C7}.Debug|Any CPU.Build.0 = Debug|Any CPU
		{161AF291-4820-4FCF-BF0F-BE970FE388C7}.Debug|ARM.ActiveCfg = Debug|Any CPU
		{161AF291-4820-4FCF-BF0F-BE970FE388C7}.Debug|ARM.Build.0 = Debug|Any CPU
		{161AF291-4820-4FCF-BF0F-BE970FE388C7}.Debug|iPhone.ActiveCfg = Debug|Any CPU
		{161AF291-4820-4FCF-BF0F-BE970FE388C7}.Debug|iPhone.Build.0 = Debug|Any CPU
		{161AF291-4820-4FCF-BF0F-BE970FE388C7}.Debug|iPhoneSimulator.ActiveCfg = Debug|Any CPU
		{161AF291-4820-4FCF-BF0F-BE970FE388C7}.Debug|iPhoneSimulator.Build.0 = Debug|Any CPU
		{161AF291-4820-4FCF-BF0F-BE970FE388C7}.Debug|x64.ActiveCfg = Debug|Any CPU
		{161AF291-4820-4FCF-BF0F-BE970FE388C7}.Debug|x64.Build.0 = Debug|Any CPU
		{161AF291-4820-4FCF-BF0F-BE970FE388C7}.Debug|x86.ActiveCfg = Debug|Any CPU
		{161AF291-4820-4FCF-BF0F-BE970FE388C7}.Debug|x86.Build.0 = Debug|Any CPU
		{161AF291-4820-4FCF-BF0F-BE970FE388C7}.Release|Any CPU.ActiveCfg = Release|Any CPU
		{161AF291-4820-4FCF-BF0F-BE970FE388C7}.Release|Any CPU.Build.0 = Release|Any CPU
		{161AF291-4820-4FCF-BF0F-BE970FE388C7}.Release|ARM.ActiveCfg = Release|Any CPU
		{161AF291-4820-4FCF-BF0F-BE970FE388C7}.Release|ARM.Build.0 = Release|Any CPU
		{161AF291-4820-4FCF-BF0F-BE970FE388C7}.Release|iPhone.ActiveCfg = Release|Any CPU
		{161AF291-4820-4FCF-BF0F-BE970FE388C7}.Release|iPhone.Build.0 = Release|Any CPU
		{161AF291-4820-4FCF-BF0F-BE970FE388C7}.Release|iPhoneSimulator.ActiveCfg = Release|Any CPU
		{161AF291-4820-4FCF-BF0F-BE970FE388C7}.Release|iPhoneSimulator.Build.0 = Release|Any CPU
		{161AF291-4820-4FCF-BF0F-BE970FE388C7}.Release|x64.ActiveCfg = Release|Any CPU
		{161AF291-4820-4FCF-BF0F-BE970FE388C7}.Release|x64.Build.0 = Release|Any CPU
		{161AF291-4820-4FCF-BF0F-BE970FE388C7}.Release|x86.ActiveCfg = Release|Any CPU
		{161AF291-4820-4FCF-BF0F-BE970FE388C7}.Release|x86.Build.0 = Release|Any CPU
		{736DDE51-CC7A-49EF-BF27-FE89405C68BE}.Debug|Any CPU.ActiveCfg = Debug|Any CPU
		{736DDE51-CC7A-49EF-BF27-FE89405C68BE}.Debug|Any CPU.Build.0 = Debug|Any CPU
		{736DDE51-CC7A-49EF-BF27-FE89405C68BE}.Debug|ARM.ActiveCfg = Debug|Any CPU
		{736DDE51-CC7A-49EF-BF27-FE89405C68BE}.Debug|ARM.Build.0 = Debug|Any CPU
		{736DDE51-CC7A-49EF-BF27-FE89405C68BE}.Debug|iPhone.ActiveCfg = Debug|Any CPU
		{736DDE51-CC7A-49EF-BF27-FE89405C68BE}.Debug|iPhone.Build.0 = Debug|Any CPU
		{736DDE51-CC7A-49EF-BF27-FE89405C68BE}.Debug|iPhoneSimulator.ActiveCfg = Debug|Any CPU
		{736DDE51-CC7A-49EF-BF27-FE89405C68BE}.Debug|iPhoneSimulator.Build.0 = Debug|Any CPU
		{736DDE51-CC7A-49EF-BF27-FE89405C68BE}.Debug|x64.ActiveCfg = Debug|Any CPU
		{736DDE51-CC7A-49EF-BF27-FE89405C68BE}.Debug|x64.Build.0 = Debug|Any CPU
		{736DDE51-CC7A-49EF-BF27-FE89405C68BE}.Debug|x86.ActiveCfg = Debug|Any CPU
		{736DDE51-CC7A-49EF-BF27-FE89405C68BE}.Debug|x86.Build.0 = Debug|Any CPU
		{736DDE51-CC7A-49EF-BF27-FE89405C68BE}.Release|Any CPU.ActiveCfg = Release|Any CPU
		{736DDE51-CC7A-49EF-BF27-FE89405C68BE}.Release|Any CPU.Build.0 = Release|Any CPU
		{736DDE51-CC7A-49EF-BF27-FE89405C68BE}.Release|ARM.ActiveCfg = Release|Any CPU
		{736DDE51-CC7A-49EF-BF27-FE89405C68BE}.Release|ARM.Build.0 = Release|Any CPU
		{736DDE51-CC7A-49EF-BF27-FE89405C68BE}.Release|iPhone.ActiveCfg = Release|Any CPU
		{736DDE51-CC7A-49EF-BF27-FE89405C68BE}.Release|iPhone.Build.0 = Release|Any CPU
		{736DDE51-CC7A-49EF-BF27-FE89405C68BE}.Release|iPhoneSimulator.ActiveCfg = Release|Any CPU
		{736DDE51-CC7A-49EF-BF27-FE89405C68BE}.Release|iPhoneSimulator.Build.0 = Release|Any CPU
		{736DDE51-CC7A-49EF-BF27-FE89405C68BE}.Release|x64.ActiveCfg = Release|Any CPU
		{736DDE51-CC7A-49EF-BF27-FE89405C68BE}.Release|x64.Build.0 = Release|Any CPU
		{736DDE51-CC7A-49EF-BF27-FE89405C68BE}.Release|x86.ActiveCfg = Release|Any CPU
		{736DDE51-CC7A-49EF-BF27-FE89405C68BE}.Release|x86.Build.0 = Release|Any CPU
		{61F49D00-BF91-4B81-8DC3-F92BE1740753}.Debug|Any CPU.ActiveCfg = Debug|Any CPU
		{61F49D00-BF91-4B81-8DC3-F92BE1740753}.Debug|Any CPU.Build.0 = Debug|Any CPU
		{61F49D00-BF91-4B81-8DC3-F92BE1740753}.Debug|Any CPU.Deploy.0 = Debug|Any CPU
		{61F49D00-BF91-4B81-8DC3-F92BE1740753}.Debug|ARM.ActiveCfg = Debug|Any CPU
		{61F49D00-BF91-4B81-8DC3-F92BE1740753}.Debug|ARM.Build.0 = Debug|Any CPU
		{61F49D00-BF91-4B81-8DC3-F92BE1740753}.Debug|ARM.Deploy.0 = Debug|Any CPU
		{61F49D00-BF91-4B81-8DC3-F92BE1740753}.Debug|iPhone.ActiveCfg = Debug|Any CPU
		{61F49D00-BF91-4B81-8DC3-F92BE1740753}.Debug|iPhone.Build.0 = Debug|Any CPU
		{61F49D00-BF91-4B81-8DC3-F92BE1740753}.Debug|iPhone.Deploy.0 = Debug|Any CPU
		{61F49D00-BF91-4B81-8DC3-F92BE1740753}.Debug|iPhoneSimulator.ActiveCfg = Debug|Any CPU
		{61F49D00-BF91-4B81-8DC3-F92BE1740753}.Debug|iPhoneSimulator.Build.0 = Debug|Any CPU
		{61F49D00-BF91-4B81-8DC3-F92BE1740753}.Debug|iPhoneSimulator.Deploy.0 = Debug|Any CPU
		{61F49D00-BF91-4B81-8DC3-F92BE1740753}.Debug|x64.ActiveCfg = Debug|Any CPU
		{61F49D00-BF91-4B81-8DC3-F92BE1740753}.Debug|x64.Build.0 = Debug|Any CPU
		{61F49D00-BF91-4B81-8DC3-F92BE1740753}.Debug|x64.Deploy.0 = Debug|Any CPU
		{61F49D00-BF91-4B81-8DC3-F92BE1740753}.Debug|x86.ActiveCfg = Debug|Any CPU
		{61F49D00-BF91-4B81-8DC3-F92BE1740753}.Debug|x86.Build.0 = Debug|Any CPU
		{61F49D00-BF91-4B81-8DC3-F92BE1740753}.Debug|x86.Deploy.0 = Debug|Any CPU
		{61F49D00-BF91-4B81-8DC3-F92BE1740753}.Release|Any CPU.ActiveCfg = Release|Any CPU
		{61F49D00-BF91-4B81-8DC3-F92BE1740753}.Release|Any CPU.Build.0 = Release|Any CPU
		{61F49D00-BF91-4B81-8DC3-F92BE1740753}.Release|Any CPU.Deploy.0 = Release|Any CPU
		{61F49D00-BF91-4B81-8DC3-F92BE1740753}.Release|ARM.ActiveCfg = Release|Any CPU
		{61F49D00-BF91-4B81-8DC3-F92BE1740753}.Release|ARM.Build.0 = Release|Any CPU
		{61F49D00-BF91-4B81-8DC3-F92BE1740753}.Release|ARM.Deploy.0 = Release|Any CPU
		{61F49D00-BF91-4B81-8DC3-F92BE1740753}.Release|iPhone.ActiveCfg = Release|Any CPU
		{61F49D00-BF91-4B81-8DC3-F92BE1740753}.Release|iPhone.Build.0 = Release|Any CPU
		{61F49D00-BF91-4B81-8DC3-F92BE1740753}.Release|iPhone.Deploy.0 = Release|Any CPU
		{61F49D00-BF91-4B81-8DC3-F92BE1740753}.Release|iPhoneSimulator.ActiveCfg = Release|Any CPU
		{61F49D00-BF91-4B81-8DC3-F92BE1740753}.Release|iPhoneSimulator.Build.0 = Release|Any CPU
		{61F49D00-BF91-4B81-8DC3-F92BE1740753}.Release|iPhoneSimulator.Deploy.0 = Release|Any CPU
		{61F49D00-BF91-4B81-8DC3-F92BE1740753}.Release|x64.ActiveCfg = Release|Any CPU
		{61F49D00-BF91-4B81-8DC3-F92BE1740753}.Release|x64.Build.0 = Release|Any CPU
		{61F49D00-BF91-4B81-8DC3-F92BE1740753}.Release|x64.Deploy.0 = Release|Any CPU
		{61F49D00-BF91-4B81-8DC3-F92BE1740753}.Release|x86.ActiveCfg = Release|Any CPU
		{61F49D00-BF91-4B81-8DC3-F92BE1740753}.Release|x86.Build.0 = Release|Any CPU
		{61F49D00-BF91-4B81-8DC3-F92BE1740753}.Release|x86.Deploy.0 = Release|Any CPU
		{0366E043-12F2-4299-AF8E-CB6089F3C41D}.Debug|Any CPU.ActiveCfg = Debug|iPhone
		{0366E043-12F2-4299-AF8E-CB6089F3C41D}.Debug|Any CPU.Build.0 = Debug|iPhone
		{0366E043-12F2-4299-AF8E-CB6089F3C41D}.Debug|ARM.ActiveCfg = Debug|iPhone
		{0366E043-12F2-4299-AF8E-CB6089F3C41D}.Debug|iPhone.ActiveCfg = Debug|iPhone
		{0366E043-12F2-4299-AF8E-CB6089F3C41D}.Debug|iPhone.Build.0 = Debug|iPhone
		{0366E043-12F2-4299-AF8E-CB6089F3C41D}.Debug|iPhone.Deploy.0 = Debug|iPhone
		{0366E043-12F2-4299-AF8E-CB6089F3C41D}.Debug|iPhoneSimulator.ActiveCfg = Debug|iPhoneSimulator
		{0366E043-12F2-4299-AF8E-CB6089F3C41D}.Debug|iPhoneSimulator.Build.0 = Debug|iPhoneSimulator
		{0366E043-12F2-4299-AF8E-CB6089F3C41D}.Debug|iPhoneSimulator.Deploy.0 = Debug|iPhoneSimulator
		{0366E043-12F2-4299-AF8E-CB6089F3C41D}.Debug|x64.ActiveCfg = Debug|iPhone
		{0366E043-12F2-4299-AF8E-CB6089F3C41D}.Debug|x86.ActiveCfg = Debug|iPhone
		{0366E043-12F2-4299-AF8E-CB6089F3C41D}.Release|Any CPU.ActiveCfg = Release|iPhone
		{0366E043-12F2-4299-AF8E-CB6089F3C41D}.Release|ARM.ActiveCfg = Release|iPhone
		{0366E043-12F2-4299-AF8E-CB6089F3C41D}.Release|iPhone.ActiveCfg = Release|iPhone
		{0366E043-12F2-4299-AF8E-CB6089F3C41D}.Release|iPhone.Build.0 = Release|iPhone
		{0366E043-12F2-4299-AF8E-CB6089F3C41D}.Release|iPhone.Deploy.0 = Release|iPhone
		{0366E043-12F2-4299-AF8E-CB6089F3C41D}.Release|iPhoneSimulator.ActiveCfg = Release|iPhoneSimulator
		{0366E043-12F2-4299-AF8E-CB6089F3C41D}.Release|iPhoneSimulator.Build.0 = Release|iPhoneSimulator
		{0366E043-12F2-4299-AF8E-CB6089F3C41D}.Release|iPhoneSimulator.Deploy.0 = Release|iPhoneSimulator
		{0366E043-12F2-4299-AF8E-CB6089F3C41D}.Release|x64.ActiveCfg = Release|iPhone
		{0366E043-12F2-4299-AF8E-CB6089F3C41D}.Release|x86.ActiveCfg = Release|iPhone
		{A339E268-0470-4584-955A-E92196DCD0EF}.Debug|Any CPU.ActiveCfg = Debug|Any CPU
		{A339E268-0470-4584-955A-E92196DCD0EF}.Debug|Any CPU.Build.0 = Debug|Any CPU
		{A339E268-0470-4584-955A-E92196DCD0EF}.Debug|ARM.ActiveCfg = Debug|Any CPU
		{A339E268-0470-4584-955A-E92196DCD0EF}.Debug|ARM.Build.0 = Debug|Any CPU
		{A339E268-0470-4584-955A-E92196DCD0EF}.Debug|iPhone.ActiveCfg = Debug|Any CPU
		{A339E268-0470-4584-955A-E92196DCD0EF}.Debug|iPhone.Build.0 = Debug|Any CPU
		{A339E268-0470-4584-955A-E92196DCD0EF}.Debug|iPhoneSimulator.ActiveCfg = Debug|Any CPU
		{A339E268-0470-4584-955A-E92196DCD0EF}.Debug|iPhoneSimulator.Build.0 = Debug|Any CPU
		{A339E268-0470-4584-955A-E92196DCD0EF}.Debug|x64.ActiveCfg = Debug|Any CPU
		{A339E268-0470-4584-955A-E92196DCD0EF}.Debug|x64.Build.0 = Debug|Any CPU
		{A339E268-0470-4584-955A-E92196DCD0EF}.Debug|x86.ActiveCfg = Debug|Any CPU
		{A339E268-0470-4584-955A-E92196DCD0EF}.Debug|x86.Build.0 = Debug|Any CPU
		{A339E268-0470-4584-955A-E92196DCD0EF}.Release|Any CPU.ActiveCfg = Release|Any CPU
		{A339E268-0470-4584-955A-E92196DCD0EF}.Release|Any CPU.Build.0 = Release|Any CPU
		{A339E268-0470-4584-955A-E92196DCD0EF}.Release|ARM.ActiveCfg = Release|Any CPU
		{A339E268-0470-4584-955A-E92196DCD0EF}.Release|ARM.Build.0 = Release|Any CPU
		{A339E268-0470-4584-955A-E92196DCD0EF}.Release|iPhone.ActiveCfg = Release|Any CPU
		{A339E268-0470-4584-955A-E92196DCD0EF}.Release|iPhone.Build.0 = Release|Any CPU
		{A339E268-0470-4584-955A-E92196DCD0EF}.Release|iPhoneSimulator.ActiveCfg = Release|Any CPU
		{A339E268-0470-4584-955A-E92196DCD0EF}.Release|iPhoneSimulator.Build.0 = Release|Any CPU
		{A339E268-0470-4584-955A-E92196DCD0EF}.Release|x64.ActiveCfg = Release|Any CPU
		{A339E268-0470-4584-955A-E92196DCD0EF}.Release|x64.Build.0 = Release|Any CPU
		{A339E268-0470-4584-955A-E92196DCD0EF}.Release|x86.ActiveCfg = Release|Any CPU
		{A339E268-0470-4584-955A-E92196DCD0EF}.Release|x86.Build.0 = Release|Any CPU
		{D5D98616-792A-41C5-96C9-37668E6860D4}.Debug|Any CPU.ActiveCfg = Debug|Any CPU
		{D5D98616-792A-41C5-96C9-37668E6860D4}.Debug|Any CPU.Build.0 = Debug|Any CPU
		{D5D98616-792A-41C5-96C9-37668E6860D4}.Debug|Any CPU.Deploy.0 = Debug|Any CPU
		{D5D98616-792A-41C5-96C9-37668E6860D4}.Debug|ARM.ActiveCfg = Debug|Any CPU
		{D5D98616-792A-41C5-96C9-37668E6860D4}.Debug|ARM.Build.0 = Debug|Any CPU
		{D5D98616-792A-41C5-96C9-37668E6860D4}.Debug|ARM.Deploy.0 = Debug|Any CPU
		{D5D98616-792A-41C5-96C9-37668E6860D4}.Debug|iPhone.ActiveCfg = Debug|Any CPU
		{D5D98616-792A-41C5-96C9-37668E6860D4}.Debug|iPhone.Build.0 = Debug|Any CPU
		{D5D98616-792A-41C5-96C9-37668E6860D4}.Debug|iPhone.Deploy.0 = Debug|Any CPU
		{D5D98616-792A-41C5-96C9-37668E6860D4}.Debug|iPhoneSimulator.ActiveCfg = Debug|Any CPU
		{D5D98616-792A-41C5-96C9-37668E6860D4}.Debug|iPhoneSimulator.Build.0 = Debug|Any CPU
		{D5D98616-792A-41C5-96C9-37668E6860D4}.Debug|iPhoneSimulator.Deploy.0 = Debug|Any CPU
		{D5D98616-792A-41C5-96C9-37668E6860D4}.Debug|x64.ActiveCfg = Debug|Any CPU
		{D5D98616-792A-41C5-96C9-37668E6860D4}.Debug|x64.Build.0 = Debug|Any CPU
		{D5D98616-792A-41C5-96C9-37668E6860D4}.Debug|x64.Deploy.0 = Debug|Any CPU
		{D5D98616-792A-41C5-96C9-37668E6860D4}.Debug|x86.ActiveCfg = Debug|Any CPU
		{D5D98616-792A-41C5-96C9-37668E6860D4}.Debug|x86.Build.0 = Debug|Any CPU
		{D5D98616-792A-41C5-96C9-37668E6860D4}.Debug|x86.Deploy.0 = Debug|Any CPU
		{D5D98616-792A-41C5-96C9-37668E6860D4}.Release|Any CPU.ActiveCfg = Release|Any CPU
		{D5D98616-792A-41C5-96C9-37668E6860D4}.Release|Any CPU.Build.0 = Release|Any CPU
		{D5D98616-792A-41C5-96C9-37668E6860D4}.Release|Any CPU.Deploy.0 = Release|Any CPU
		{D5D98616-792A-41C5-96C9-37668E6860D4}.Release|ARM.ActiveCfg = Release|Any CPU
		{D5D98616-792A-41C5-96C9-37668E6860D4}.Release|ARM.Build.0 = Release|Any CPU
		{D5D98616-792A-41C5-96C9-37668E6860D4}.Release|ARM.Deploy.0 = Release|Any CPU
		{D5D98616-792A-41C5-96C9-37668E6860D4}.Release|iPhone.ActiveCfg = Release|Any CPU
		{D5D98616-792A-41C5-96C9-37668E6860D4}.Release|iPhone.Build.0 = Release|Any CPU
		{D5D98616-792A-41C5-96C9-37668E6860D4}.Release|iPhone.Deploy.0 = Release|Any CPU
		{D5D98616-792A-41C5-96C9-37668E6860D4}.Release|iPhoneSimulator.ActiveCfg = Release|Any CPU
		{D5D98616-792A-41C5-96C9-37668E6860D4}.Release|iPhoneSimulator.Build.0 = Release|Any CPU
		{D5D98616-792A-41C5-96C9-37668E6860D4}.Release|iPhoneSimulator.Deploy.0 = Release|Any CPU
		{D5D98616-792A-41C5-96C9-37668E6860D4}.Release|x64.ActiveCfg = Release|Any CPU
		{D5D98616-792A-41C5-96C9-37668E6860D4}.Release|x64.Build.0 = Release|Any CPU
		{D5D98616-792A-41C5-96C9-37668E6860D4}.Release|x64.Deploy.0 = Release|Any CPU
		{D5D98616-792A-41C5-96C9-37668E6860D4}.Release|x86.ActiveCfg = Release|Any CPU
		{D5D98616-792A-41C5-96C9-37668E6860D4}.Release|x86.Build.0 = Release|Any CPU
		{D5D98616-792A-41C5-96C9-37668E6860D4}.Release|x86.Deploy.0 = Release|Any CPU
		{AC0DC92A-FED1-412A-BD45-41EAE498C408}.Debug|Any CPU.ActiveCfg = Debug|iPhone
		{AC0DC92A-FED1-412A-BD45-41EAE498C408}.Debug|Any CPU.Build.0 = Debug|iPhone
		{AC0DC92A-FED1-412A-BD45-41EAE498C408}.Debug|ARM.ActiveCfg = Debug|iPhone
		{AC0DC92A-FED1-412A-BD45-41EAE498C408}.Debug|iPhone.ActiveCfg = Debug|iPhone
		{AC0DC92A-FED1-412A-BD45-41EAE498C408}.Debug|iPhone.Build.0 = Debug|iPhone
		{AC0DC92A-FED1-412A-BD45-41EAE498C408}.Debug|iPhoneSimulator.ActiveCfg = Debug|iPhoneSimulator
		{AC0DC92A-FED1-412A-BD45-41EAE498C408}.Debug|iPhoneSimulator.Build.0 = Debug|iPhoneSimulator
		{AC0DC92A-FED1-412A-BD45-41EAE498C408}.Debug|x64.ActiveCfg = Debug|iPhone
		{AC0DC92A-FED1-412A-BD45-41EAE498C408}.Debug|x86.ActiveCfg = Debug|iPhone
		{AC0DC92A-FED1-412A-BD45-41EAE498C408}.Release|Any CPU.ActiveCfg = Release|iPhone
		{AC0DC92A-FED1-412A-BD45-41EAE498C408}.Release|ARM.ActiveCfg = Release|iPhone
		{AC0DC92A-FED1-412A-BD45-41EAE498C408}.Release|iPhone.ActiveCfg = Release|iPhone
		{AC0DC92A-FED1-412A-BD45-41EAE498C408}.Release|iPhone.Build.0 = Release|iPhone
		{AC0DC92A-FED1-412A-BD45-41EAE498C408}.Release|iPhoneSimulator.ActiveCfg = Release|iPhoneSimulator
		{AC0DC92A-FED1-412A-BD45-41EAE498C408}.Release|iPhoneSimulator.Build.0 = Release|iPhoneSimulator
		{AC0DC92A-FED1-412A-BD45-41EAE498C408}.Release|x64.ActiveCfg = Release|iPhone
		{AC0DC92A-FED1-412A-BD45-41EAE498C408}.Release|x86.ActiveCfg = Release|iPhone
		{39B03BF0-D036-4DA4-AFF5-64C22298C609}.Debug|Any CPU.ActiveCfg = Debug|Any CPU
		{39B03BF0-D036-4DA4-AFF5-64C22298C609}.Debug|Any CPU.Build.0 = Debug|Any CPU
		{39B03BF0-D036-4DA4-AFF5-64C22298C609}.Debug|ARM.ActiveCfg = Debug|Any CPU
		{39B03BF0-D036-4DA4-AFF5-64C22298C609}.Debug|ARM.Build.0 = Debug|Any CPU
		{39B03BF0-D036-4DA4-AFF5-64C22298C609}.Debug|iPhone.ActiveCfg = Debug|Any CPU
		{39B03BF0-D036-4DA4-AFF5-64C22298C609}.Debug|iPhone.Build.0 = Debug|Any CPU
		{39B03BF0-D036-4DA4-AFF5-64C22298C609}.Debug|iPhoneSimulator.ActiveCfg = Debug|Any CPU
		{39B03BF0-D036-4DA4-AFF5-64C22298C609}.Debug|iPhoneSimulator.Build.0 = Debug|Any CPU
		{39B03BF0-D036-4DA4-AFF5-64C22298C609}.Debug|x64.ActiveCfg = Debug|Any CPU
		{39B03BF0-D036-4DA4-AFF5-64C22298C609}.Debug|x64.Build.0 = Debug|Any CPU
		{39B03BF0-D036-4DA4-AFF5-64C22298C609}.Debug|x86.ActiveCfg = Debug|Any CPU
		{39B03BF0-D036-4DA4-AFF5-64C22298C609}.Debug|x86.Build.0 = Debug|Any CPU
		{39B03BF0-D036-4DA4-AFF5-64C22298C609}.Release|Any CPU.ActiveCfg = Release|Any CPU
		{39B03BF0-D036-4DA4-AFF5-64C22298C609}.Release|Any CPU.Build.0 = Release|Any CPU
		{39B03BF0-D036-4DA4-AFF5-64C22298C609}.Release|ARM.ActiveCfg = Release|Any CPU
		{39B03BF0-D036-4DA4-AFF5-64C22298C609}.Release|ARM.Build.0 = Release|Any CPU
		{39B03BF0-D036-4DA4-AFF5-64C22298C609}.Release|iPhone.ActiveCfg = Release|Any CPU
		{39B03BF0-D036-4DA4-AFF5-64C22298C609}.Release|iPhone.Build.0 = Release|Any CPU
		{39B03BF0-D036-4DA4-AFF5-64C22298C609}.Release|iPhoneSimulator.ActiveCfg = Release|Any CPU
		{39B03BF0-D036-4DA4-AFF5-64C22298C609}.Release|iPhoneSimulator.Build.0 = Release|Any CPU
		{39B03BF0-D036-4DA4-AFF5-64C22298C609}.Release|x64.ActiveCfg = Release|Any CPU
		{39B03BF0-D036-4DA4-AFF5-64C22298C609}.Release|x64.Build.0 = Release|Any CPU
		{39B03BF0-D036-4DA4-AFF5-64C22298C609}.Release|x86.ActiveCfg = Release|Any CPU
		{39B03BF0-D036-4DA4-AFF5-64C22298C609}.Release|x86.Build.0 = Release|Any CPU
	EndGlobalSection
	GlobalSection(SolutionProperties) = preSolution
		HideSolutionNode = FALSE
	EndGlobalSection
	GlobalSection(ExtensibilityGlobals) = postSolution
		SolutionGuid = {C20C30D3-8935-448C-9D76-87A4D1136BF2}
	EndGlobalSection
EndGlobal
