
Microsoft Visual Studio Solution File, Format Version 12.00
# Visual Studio 15
VisualStudioVersion = 15.0.27130.2010
MinimumVisualStudioVersion = 10.0.40219.1
Project("{FAE04EC0-301F-11D3-BF4B-00C04F79EFBC}") = "Sekreter.Core", "src\Sekreter.Core\Sekreter.Core.csproj", "{E68D5B01-C0D8-4200-9B75-57040EC33A82}"
EndProject
Project("{FAE04EC0-301F-11D3-BF4B-00C04F79EFBC}") = "Sekreter.UI", "src\Sekreter.UI\Sekreter.UI.csproj", "{62D37D2E-CBEC-4710-BE2B-DC5FF47E83DD}"
EndProject
Project("{FAE04EC0-301F-11D3-BF4B-00C04F79EFBC}") = "Sekreter.Droid", "src\Sekreter.Droid\Sekreter.Droid.csproj", "{FF79363A-7B92-436B-9443-AF336BBA3FF7}"
EndProject
Project("{FAE04EC0-301F-11D3-BF4B-00C04F79EFBC}") = "Sekreter.iOS", "src\Sekreter.iOS\Sekreter.iOS.csproj", "{C1FADC99-5AFE-43B2-B4F2-C26700B478CB}"
EndProject
Project("{FAE04EC0-301F-11D3-BF4B-00C04F79EFBC}") = "Sekreter.Core.Test", "test\Sekreter.Core.Test\Sekreter.Core.Test.csproj", "{559FF73C-F012-4A70-A3B5-2F8017446591}"
EndProject
Project("{FAE04EC0-301F-11D3-BF4B-00C04F79EFBC}") = "Sekreter.Droid.Test", "test\Sekreter.Droid.Test\Sekreter.Droid.Test.csproj", "{794F8EA0-B11E-4F3A-8238-5595287AE82A}"
EndProject
Project("{D954291E-2A0B-460D-934E-DC6B0785DB48}") = "Sekreter.Droid.Shared", "src\Sekreter.Droid.Shared\Sekreter.Droid.Shared.shproj", "{311B5A0E-B197-411B-BB97-C214109C442E}"
EndProject
Project("{FAE04EC0-301F-11D3-BF4B-00C04F79EFBC}") = "Sekreter.iOS.Test", "test\Sekreter.iOS.Test\Sekreter.iOS.Test.csproj", "{FA7AA829-978C-420C-A534-146212D9A404}"
EndProject
Project("{FAE04EC0-301F-11D3-BF4B-00C04F79EFBC}") = "Sekreter.UI.Test", "test\Sekreter.UI.Test\Sekreter.UI.Test.csproj", "{55CE5031-66EB-4E48-A208-7F2F69E61063}"
EndProject
Project("{2150E333-8FDC-42A3-9474-1A3956D46DE8}") = "!Solution Items", "!Solution Items", "{020C9432-71E2-40A2-B9C7-51C814226D79}"
	ProjectSection(SolutionItems) = preProject
		.editorconfig = .editorconfig
	EndProjectSection
EndProject
Global
	GlobalSection(SharedMSBuildProjectFiles) = preSolution
		src\Sekreter.Droid.Shared\Sekreter.Droid.Shared.projitems*{FF79363A-7B92-436B-9443-AF336BBA3FF7}*SharedItemsImports = 4
		src\Sekreter.Droid.Shared\Sekreter.Droid.Shared.projitems*{794F8EA0-B11E-4F3A-8238-5595287AE82A}*SharedItemsImports = 4
		src\Sekreter.Droid.Shared\Sekreter.Droid.Shared.projitems*{311B5A0E-B197-411B-BB97-C214109C442E}*SharedItemsImports = 13
	EndGlobalSection
	GlobalSection(SolutionConfigurationPlatforms) = preSolution
		Debug|Any CPU = Debug|Any CPU
		Debug|ARM = Debug|ARM
		Debug|iPhone = Debug|iPhone
		Debug|iPhoneSimulator = Debug|iPhoneSimulator
		Debug|x64 = Debug|x64
		Debug|x86 = Debug|x86
		Release|Any CPU = Release|Any CPU
		Release|ARM = Release|ARM
		Release|iPhone = Release|iPhone
		Release|iPhoneSimulator = Release|iPhoneSimulator
		Release|x64 = Release|x64
		Release|x86 = Release|x86
	EndGlobalSection
	GlobalSection(ProjectConfigurationPlatforms) = postSolution
		{E68D5B01-C0D8-4200-9B75-57040EC33A82}.Debug|Any CPU.ActiveCfg = Debug|Any CPU
		{E68D5B01-C0D8-4200-9B75-57040EC33A82}.Debug|Any CPU.Build.0 = Debug|Any CPU
		{E68D5B01-C0D8-4200-9B75-57040EC33A82}.Debug|ARM.ActiveCfg = Debug|Any CPU
		{E68D5B01-C0D8-4200-9B75-57040EC33A82}.Debug|ARM.Build.0 = Debug|Any CPU
		{E68D5B01-C0D8-4200-9B75-57040EC33A82}.Debug|iPhone.ActiveCfg = Debug|Any CPU
		{E68D5B01-C0D8-4200-9B75-57040EC33A82}.Debug|iPhone.Build.0 = Debug|Any CPU
		{E68D5B01-C0D8-4200-9B75-57040EC33A82}.Debug|iPhoneSimulator.ActiveCfg = Debug|Any CPU
		{E68D5B01-C0D8-4200-9B75-57040EC33A82}.Debug|iPhoneSimulator.Build.0 = Debug|Any CPU
		{E68D5B01-C0D8-4200-9B75-57040EC33A82}.Debug|x64.ActiveCfg = Debug|Any CPU
		{E68D5B01-C0D8-4200-9B75-57040EC33A82}.Debug|x64.Build.0 = Debug|Any CPU
		{E68D5B01-C0D8-4200-9B75-57040EC33A82}.Debug|x86.ActiveCfg = Debug|Any CPU
		{E68D5B01-C0D8-4200-9B75-57040EC33A82}.Debug|x86.Build.0 = Debug|Any CPU
		{E68D5B01-C0D8-4200-9B75-57040EC33A82}.Release|Any CPU.ActiveCfg = Release|Any CPU
		{E68D5B01-C0D8-4200-9B75-57040EC33A82}.Release|Any CPU.Build.0 = Release|Any CPU
		{E68D5B01-C0D8-4200-9B75-57040EC33A82}.Release|ARM.ActiveCfg = Release|Any CPU
		{E68D5B01-C0D8-4200-9B75-57040EC33A82}.Release|ARM.Build.0 = Release|Any CPU
		{E68D5B01-C0D8-4200-9B75-57040EC33A82}.Release|iPhone.ActiveCfg = Release|Any CPU
		{E68D5B01-C0D8-4200-9B75-57040EC33A82}.Release|iPhone.Build.0 = Release|Any CPU
		{E68D5B01-C0D8-4200-9B75-57040EC33A82}.Release|iPhoneSimulator.ActiveCfg = Release|Any CPU
		{E68D5B01-C0D8-4200-9B75-57040EC33A82}.Release|iPhoneSimulator.Build.0 = Release|Any CPU
		{E68D5B01-C0D8-4200-9B75-57040EC33A82}.Release|x64.ActiveCfg = Release|Any CPU
		{E68D5B01-C0D8-4200-9B75-57040EC33A82}.Release|x64.Build.0 = Release|Any CPU
		{E68D5B01-C0D8-4200-9B75-57040EC33A82}.Release|x86.ActiveCfg = Release|Any CPU
		{E68D5B01-C0D8-4200-9B75-57040EC33A82}.Release|x86.Build.0 = Release|Any CPU
		{62D37D2E-CBEC-4710-BE2B-DC5FF47E83DD}.Debug|Any CPU.ActiveCfg = Debug|Any CPU
		{62D37D2E-CBEC-4710-BE2B-DC5FF47E83DD}.Debug|Any CPU.Build.0 = Debug|Any CPU
		{62D37D2E-CBEC-4710-BE2B-DC5FF47E83DD}.Debug|ARM.ActiveCfg = Debug|Any CPU
		{62D37D2E-CBEC-4710-BE2B-DC5FF47E83DD}.Debug|ARM.Build.0 = Debug|Any CPU
		{62D37D2E-CBEC-4710-BE2B-DC5FF47E83DD}.Debug|iPhone.ActiveCfg = Debug|Any CPU
		{62D37D2E-CBEC-4710-BE2B-DC5FF47E83DD}.Debug|iPhone.Build.0 = Debug|Any CPU
		{62D37D2E-CBEC-4710-BE2B-DC5FF47E83DD}.Debug|iPhoneSimulator.ActiveCfg = Debug|Any CPU
		{62D37D2E-CBEC-4710-BE2B-DC5FF47E83DD}.Debug|iPhoneSimulator.Build.0 = Debug|Any CPU
		{62D37D2E-CBEC-4710-BE2B-DC5FF47E83DD}.Debug|x64.ActiveCfg = Debug|Any CPU
		{62D37D2E-CBEC-4710-BE2B-DC5FF47E83DD}.Debug|x64.Build.0 = Debug|Any CPU
		{62D37D2E-CBEC-4710-BE2B-DC5FF47E83DD}.Debug|x86.ActiveCfg = Debug|Any CPU
		{62D37D2E-CBEC-4710-BE2B-DC5FF47E83DD}.Debug|x86.Build.0 = Debug|Any CPU
		{62D37D2E-CBEC-4710-BE2B-DC5FF47E83DD}.Release|Any CPU.ActiveCfg = Release|Any CPU
		{62D37D2E-CBEC-4710-BE2B-DC5FF47E83DD}.Release|Any CPU.Build.0 = Release|Any CPU
		{62D37D2E-CBEC-4710-BE2B-DC5FF47E83DD}.Release|ARM.ActiveCfg = Release|Any CPU
		{62D37D2E-CBEC-4710-BE2B-DC5FF47E83DD}.Release|ARM.Build.0 = Release|Any CPU
		{62D37D2E-CBEC-4710-BE2B-DC5FF47E83DD}.Release|iPhone.ActiveCfg = Release|Any CPU
		{62D37D2E-CBEC-4710-BE2B-DC5FF47E83DD}.Release|iPhone.Build.0 = Release|Any CPU
		{62D37D2E-CBEC-4710-BE2B-DC5FF47E83DD}.Release|iPhoneSimulator.ActiveCfg = Release|Any CPU
		{62D37D2E-CBEC-4710-BE2B-DC5FF47E83DD}.Release|iPhoneSimulator.Build.0 = Release|Any CPU
		{62D37D2E-CBEC-4710-BE2B-DC5FF47E83DD}.Release|x64.ActiveCfg = Release|Any CPU
		{62D37D2E-CBEC-4710-BE2B-DC5FF47E83DD}.Release|x64.Build.0 = Release|Any CPU
		{62D37D2E-CBEC-4710-BE2B-DC5FF47E83DD}.Release|x86.ActiveCfg = Release|Any CPU
		{62D37D2E-CBEC-4710-BE2B-DC5FF47E83DD}.Release|x86.Build.0 = Release|Any CPU
		{FF79363A-7B92-436B-9443-AF336BBA3FF7}.Debug|Any CPU.ActiveCfg = Debug|Any CPU
		{FF79363A-7B92-436B-9443-AF336BBA3FF7}.Debug|Any CPU.Build.0 = Debug|Any CPU
		{FF79363A-7B92-436B-9443-AF336BBA3FF7}.Debug|Any CPU.Deploy.0 = Debug|Any CPU
		{FF79363A-7B92-436B-9443-AF336BBA3FF7}.Debug|ARM.ActiveCfg = Debug|Any CPU
		{FF79363A-7B92-436B-9443-AF336BBA3FF7}.Debug|ARM.Build.0 = Debug|Any CPU
		{FF79363A-7B92-436B-9443-AF336BBA3FF7}.Debug|ARM.Deploy.0 = Debug|Any CPU
		{FF79363A-7B92-436B-9443-AF336BBA3FF7}.Debug|iPhone.ActiveCfg = Debug|Any CPU
		{FF79363A-7B92-436B-9443-AF336BBA3FF7}.Debug|iPhone.Build.0 = Debug|Any CPU
		{FF79363A-7B92-436B-9443-AF336BBA3FF7}.Debug|iPhone.Deploy.0 = Debug|Any CPU
		{FF79363A-7B92-436B-9443-AF336BBA3FF7}.Debug|iPhoneSimulator.ActiveCfg = Debug|Any CPU
		{FF79363A-7B92-436B-9443-AF336BBA3FF7}.Debug|iPhoneSimulator.Build.0 = Debug|Any CPU
		{FF79363A-7B92-436B-9443-AF336BBA3FF7}.Debug|iPhoneSimulator.Deploy.0 = Debug|Any CPU
		{FF79363A-7B92-436B-9443-AF336BBA3FF7}.Debug|x64.ActiveCfg = Debug|Any CPU
		{FF79363A-7B92-436B-9443-AF336BBA3FF7}.Debug|x64.Build.0 = Debug|Any CPU
		{FF79363A-7B92-436B-9443-AF336BBA3FF7}.Debug|x64.Deploy.0 = Debug|Any CPU
		{FF79363A-7B92-436B-9443-AF336BBA3FF7}.Debug|x86.ActiveCfg = Debug|Any CPU
		{FF79363A-7B92-436B-9443-AF336BBA3FF7}.Debug|x86.Build.0 = Debug|Any CPU
		{FF79363A-7B92-436B-9443-AF336BBA3FF7}.Debug|x86.Deploy.0 = Debug|Any CPU
		{FF79363A-7B92-436B-9443-AF336BBA3FF7}.Release|Any CPU.ActiveCfg = Release|Any CPU
		{FF79363A-7B92-436B-9443-AF336BBA3FF7}.Release|Any CPU.Build.0 = Release|Any CPU
		{FF79363A-7B92-436B-9443-AF336BBA3FF7}.Release|Any CPU.Deploy.0 = Release|Any CPU
		{FF79363A-7B92-436B-9443-AF336BBA3FF7}.Release|ARM.ActiveCfg = Release|Any CPU
		{FF79363A-7B92-436B-9443-AF336BBA3FF7}.Release|ARM.Build.0 = Release|Any CPU
		{FF79363A-7B92-436B-9443-AF336BBA3FF7}.Release|ARM.Deploy.0 = Release|Any CPU
		{FF79363A-7B92-436B-9443-AF336BBA3FF7}.Release|iPhone.ActiveCfg = Release|Any CPU
		{FF79363A-7B92-436B-9443-AF336BBA3FF7}.Release|iPhone.Build.0 = Release|Any CPU
		{FF79363A-7B92-436B-9443-AF336BBA3FF7}.Release|iPhone.Deploy.0 = Release|Any CPU
		{FF79363A-7B92-436B-9443-AF336BBA3FF7}.Release|iPhoneSimulator.ActiveCfg = Release|Any CPU
		{FF79363A-7B92-436B-9443-AF336BBA3FF7}.Release|iPhoneSimulator.Build.0 = Release|Any CPU
		{FF79363A-7B92-436B-9443-AF336BBA3FF7}.Release|iPhoneSimulator.Deploy.0 = Release|Any CPU
		{FF79363A-7B92-436B-9443-AF336BBA3FF7}.Release|x64.ActiveCfg = Release|Any CPU
		{FF79363A-7B92-436B-9443-AF336BBA3FF7}.Release|x64.Build.0 = Release|Any CPU
		{FF79363A-7B92-436B-9443-AF336BBA3FF7}.Release|x64.Deploy.0 = Release|Any CPU
		{FF79363A-7B92-436B-9443-AF336BBA3FF7}.Release|x86.ActiveCfg = Release|Any CPU
		{FF79363A-7B92-436B-9443-AF336BBA3FF7}.Release|x86.Build.0 = Release|Any CPU
		{FF79363A-7B92-436B-9443-AF336BBA3FF7}.Release|x86.Deploy.0 = Release|Any CPU
		{C1FADC99-5AFE-43B2-B4F2-C26700B478CB}.Debug|Any CPU.ActiveCfg = Debug|iPhone
		{C1FADC99-5AFE-43B2-B4F2-C26700B478CB}.Debug|Any CPU.Build.0 = Debug|iPhone
		{C1FADC99-5AFE-43B2-B4F2-C26700B478CB}.Debug|ARM.ActiveCfg = Debug|iPhone
		{C1FADC99-5AFE-43B2-B4F2-C26700B478CB}.Debug|iPhone.ActiveCfg = Debug|iPhone
		{C1FADC99-5AFE-43B2-B4F2-C26700B478CB}.Debug|iPhone.Build.0 = Debug|iPhone
		{C1FADC99-5AFE-43B2-B4F2-C26700B478CB}.Debug|iPhone.Deploy.0 = Debug|iPhone
		{C1FADC99-5AFE-43B2-B4F2-C26700B478CB}.Debug|iPhoneSimulator.ActiveCfg = Debug|iPhoneSimulator
		{C1FADC99-5AFE-43B2-B4F2-C26700B478CB}.Debug|iPhoneSimulator.Build.0 = Debug|iPhoneSimulator
		{C1FADC99-5AFE-43B2-B4F2-C26700B478CB}.Debug|iPhoneSimulator.Deploy.0 = Debug|iPhoneSimulator
		{C1FADC99-5AFE-43B2-B4F2-C26700B478CB}.Debug|x64.ActiveCfg = Debug|iPhone
		{C1FADC99-5AFE-43B2-B4F2-C26700B478CB}.Debug|x86.ActiveCfg = Debug|iPhone
		{C1FADC99-5AFE-43B2-B4F2-C26700B478CB}.Release|Any CPU.ActiveCfg = Release|iPhone
		{C1FADC99-5AFE-43B2-B4F2-C26700B478CB}.Release|ARM.ActiveCfg = Release|iPhone
		{C1FADC99-5AFE-43B2-B4F2-C26700B478CB}.Release|iPhone.ActiveCfg = Release|iPhone
		{C1FADC99-5AFE-43B2-B4F2-C26700B478CB}.Release|iPhone.Build.0 = Release|iPhone
		{C1FADC99-5AFE-43B2-B4F2-C26700B478CB}.Release|iPhone.Deploy.0 = Release|iPhone
		{C1FADC99-5AFE-43B2-B4F2-C26700B478CB}.Release|iPhoneSimulator.ActiveCfg = Release|iPhoneSimulator
		{C1FADC99-5AFE-43B2-B4F2-C26700B478CB}.Release|iPhoneSimulator.Build.0 = Release|iPhoneSimulator
		{C1FADC99-5AFE-43B2-B4F2-C26700B478CB}.Release|iPhoneSimulator.Deploy.0 = Release|iPhoneSimulator
		{C1FADC99-5AFE-43B2-B4F2-C26700B478CB}.Release|x64.ActiveCfg = Release|iPhone
		{C1FADC99-5AFE-43B2-B4F2-C26700B478CB}.Release|x86.ActiveCfg = Release|iPhone
		{559FF73C-F012-4A70-A3B5-2F8017446591}.Debug|Any CPU.ActiveCfg = Debug|Any CPU
		{559FF73C-F012-4A70-A3B5-2F8017446591}.Debug|Any CPU.Build.0 = Debug|Any CPU
		{559FF73C-F012-4A70-A3B5-2F8017446591}.Debug|ARM.ActiveCfg = Debug|Any CPU
		{559FF73C-F012-4A70-A3B5-2F8017446591}.Debug|ARM.Build.0 = Debug|Any CPU
		{559FF73C-F012-4A70-A3B5-2F8017446591}.Debug|iPhone.ActiveCfg = Debug|Any CPU
		{559FF73C-F012-4A70-A3B5-2F8017446591}.Debug|iPhone.Build.0 = Debug|Any CPU
		{559FF73C-F012-4A70-A3B5-2F8017446591}.Debug|iPhoneSimulator.ActiveCfg = Debug|Any CPU
		{559FF73C-F012-4A70-A3B5-2F8017446591}.Debug|iPhoneSimulator.Build.0 = Debug|Any CPU
		{559FF73C-F012-4A70-A3B5-2F8017446591}.Debug|x64.ActiveCfg = Debug|Any CPU
		{559FF73C-F012-4A70-A3B5-2F8017446591}.Debug|x64.Build.0 = Debug|Any CPU
		{559FF73C-F012-4A70-A3B5-2F8017446591}.Debug|x86.ActiveCfg = Debug|Any CPU
		{559FF73C-F012-4A70-A3B5-2F8017446591}.Debug|x86.Build.0 = Debug|Any CPU
		{559FF73C-F012-4A70-A3B5-2F8017446591}.Release|Any CPU.ActiveCfg = Release|Any CPU
		{559FF73C-F012-4A70-A3B5-2F8017446591}.Release|Any CPU.Build.0 = Release|Any CPU
		{559FF73C-F012-4A70-A3B5-2F8017446591}.Release|ARM.ActiveCfg = Release|Any CPU
		{559FF73C-F012-4A70-A3B5-2F8017446591}.Release|ARM.Build.0 = Release|Any CPU
		{559FF73C-F012-4A70-A3B5-2F8017446591}.Release|iPhone.ActiveCfg = Release|Any CPU
		{559FF73C-F012-4A70-A3B5-2F8017446591}.Release|iPhone.Build.0 = Release|Any CPU
		{559FF73C-F012-4A70-A3B5-2F8017446591}.Release|iPhoneSimulator.ActiveCfg = Release|Any CPU
		{559FF73C-F012-4A70-A3B5-2F8017446591}.Release|iPhoneSimulator.Build.0 = Release|Any CPU
		{559FF73C-F012-4A70-A3B5-2F8017446591}.Release|x64.ActiveCfg = Release|Any CPU
		{559FF73C-F012-4A70-A3B5-2F8017446591}.Release|x64.Build.0 = Release|Any CPU
		{559FF73C-F012-4A70-A3B5-2F8017446591}.Release|x86.ActiveCfg = Release|Any CPU
		{559FF73C-F012-4A70-A3B5-2F8017446591}.Release|x86.Build.0 = Release|Any CPU
		{794F8EA0-B11E-4F3A-8238-5595287AE82A}.Debug|Any CPU.ActiveCfg = Debug|Any CPU
		{794F8EA0-B11E-4F3A-8238-5595287AE82A}.Debug|Any CPU.Build.0 = Debug|Any CPU
		{794F8EA0-B11E-4F3A-8238-5595287AE82A}.Debug|Any CPU.Deploy.0 = Debug|Any CPU
		{794F8EA0-B11E-4F3A-8238-5595287AE82A}.Debug|ARM.ActiveCfg = Debug|Any CPU
		{794F8EA0-B11E-4F3A-8238-5595287AE82A}.Debug|ARM.Build.0 = Debug|Any CPU
		{794F8EA0-B11E-4F3A-8238-5595287AE82A}.Debug|ARM.Deploy.0 = Debug|Any CPU
		{794F8EA0-B11E-4F3A-8238-5595287AE82A}.Debug|iPhone.ActiveCfg = Debug|Any CPU
		{794F8EA0-B11E-4F3A-8238-5595287AE82A}.Debug|iPhone.Build.0 = Debug|Any CPU
		{794F8EA0-B11E-4F3A-8238-5595287AE82A}.Debug|iPhone.Deploy.0 = Debug|Any CPU
		{794F8EA0-B11E-4F3A-8238-5595287AE82A}.Debug|iPhoneSimulator.ActiveCfg = Debug|Any CPU
		{794F8EA0-B11E-4F3A-8238-5595287AE82A}.Debug|iPhoneSimulator.Build.0 = Debug|Any CPU
		{794F8EA0-B11E-4F3A-8238-5595287AE82A}.Debug|iPhoneSimulator.Deploy.0 = Debug|Any CPU
		{794F8EA0-B11E-4F3A-8238-5595287AE82A}.Debug|x64.ActiveCfg = Debug|Any CPU
		{794F8EA0-B11E-4F3A-8238-5595287AE82A}.Debug|x64.Build.0 = Debug|Any CPU
		{794F8EA0-B11E-4F3A-8238-5595287AE82A}.Debug|x64.Deploy.0 = Debug|Any CPU
		{794F8EA0-B11E-4F3A-8238-5595287AE82A}.Debug|x86.ActiveCfg = Debug|Any CPU
		{794F8EA0-B11E-4F3A-8238-5595287AE82A}.Debug|x86.Build.0 = Debug|Any CPU
		{794F8EA0-B11E-4F3A-8238-5595287AE82A}.Debug|x86.Deploy.0 = Debug|Any CPU
		{794F8EA0-B11E-4F3A-8238-5595287AE82A}.Release|Any CPU.ActiveCfg = Release|Any CPU
		{794F8EA0-B11E-4F3A-8238-5595287AE82A}.Release|Any CPU.Build.0 = Release|Any CPU
		{794F8EA0-B11E-4F3A-8238-5595287AE82A}.Release|Any CPU.Deploy.0 = Release|Any CPU
		{794F8EA0-B11E-4F3A-8238-5595287AE82A}.Release|ARM.ActiveCfg = Release|Any CPU
		{794F8EA0-B11E-4F3A-8238-5595287AE82A}.Release|ARM.Build.0 = Release|Any CPU
		{794F8EA0-B11E-4F3A-8238-5595287AE82A}.Release|ARM.Deploy.0 = Release|Any CPU
		{794F8EA0-B11E-4F3A-8238-5595287AE82A}.Release|iPhone.ActiveCfg = Release|Any CPU
		{794F8EA0-B11E-4F3A-8238-5595287AE82A}.Release|iPhone.Build.0 = Release|Any CPU
		{794F8EA0-B11E-4F3A-8238-5595287AE82A}.Release|iPhone.Deploy.0 = Release|Any CPU
		{794F8EA0-B11E-4F3A-8238-5595287AE82A}.Release|iPhoneSimulator.ActiveCfg = Release|Any CPU
		{794F8EA0-B11E-4F3A-8238-5595287AE82A}.Release|iPhoneSimulator.Build.0 = Release|Any CPU
		{794F8EA0-B11E-4F3A-8238-5595287AE82A}.Release|iPhoneSimulator.Deploy.0 = Release|Any CPU
		{794F8EA0-B11E-4F3A-8238-5595287AE82A}.Release|x64.ActiveCfg = Release|Any CPU
		{794F8EA0-B11E-4F3A-8238-5595287AE82A}.Release|x64.Build.0 = Release|Any CPU
		{794F8EA0-B11E-4F3A-8238-5595287AE82A}.Release|x64.Deploy.0 = Release|Any CPU
		{794F8EA0-B11E-4F3A-8238-5595287AE82A}.Release|x86.ActiveCfg = Release|Any CPU
		{794F8EA0-B11E-4F3A-8238-5595287AE82A}.Release|x86.Build.0 = Release|Any CPU
		{794F8EA0-B11E-4F3A-8238-5595287AE82A}.Release|x86.Deploy.0 = Release|Any CPU
		{FA7AA829-978C-420C-A534-146212D9A404}.Debug|Any CPU.ActiveCfg = Debug|iPhone
		{FA7AA829-978C-420C-A534-146212D9A404}.Debug|Any CPU.Build.0 = Debug|iPhone
		{FA7AA829-978C-420C-A534-146212D9A404}.Debug|ARM.ActiveCfg = Debug|iPhone
		{FA7AA829-978C-420C-A534-146212D9A404}.Debug|iPhone.ActiveCfg = Debug|iPhone
		{FA7AA829-978C-420C-A534-146212D9A404}.Debug|iPhone.Build.0 = Debug|iPhone
		{FA7AA829-978C-420C-A534-146212D9A404}.Debug|iPhoneSimulator.ActiveCfg = Debug|iPhoneSimulator
		{FA7AA829-978C-420C-A534-146212D9A404}.Debug|iPhoneSimulator.Build.0 = Debug|iPhoneSimulator
		{FA7AA829-978C-420C-A534-146212D9A404}.Debug|x64.ActiveCfg = Debug|iPhone
		{FA7AA829-978C-420C-A534-146212D9A404}.Debug|x86.ActiveCfg = Debug|iPhone
		{FA7AA829-978C-420C-A534-146212D9A404}.Release|Any CPU.ActiveCfg = Release|iPhone
		{FA7AA829-978C-420C-A534-146212D9A404}.Release|ARM.ActiveCfg = Release|iPhone
		{FA7AA829-978C-420C-A534-146212D9A404}.Release|iPhone.ActiveCfg = Release|iPhone
		{FA7AA829-978C-420C-A534-146212D9A404}.Release|iPhone.Build.0 = Release|iPhone
		{FA7AA829-978C-420C-A534-146212D9A404}.Release|iPhoneSimulator.ActiveCfg = Release|iPhoneSimulator
		{FA7AA829-978C-420C-A534-146212D9A404}.Release|iPhoneSimulator.Build.0 = Release|iPhoneSimulator
		{FA7AA829-978C-420C-A534-146212D9A404}.Release|x64.ActiveCfg = Release|iPhone
		{FA7AA829-978C-420C-A534-146212D9A404}.Release|x86.ActiveCfg = Release|iPhone
		{55CE5031-66EB-4E48-A208-7F2F69E61063}.Debug|Any CPU.ActiveCfg = Debug|Any CPU
		{55CE5031-66EB-4E48-A208-7F2F69E61063}.Debug|Any CPU.Build.0 = Debug|Any CPU
		{55CE5031-66EB-4E48-A208-7F2F69E61063}.Debug|ARM.ActiveCfg = Debug|Any CPU
		{55CE5031-66EB-4E48-A208-7F2F69E61063}.Debug|ARM.Build.0 = Debug|Any CPU
		{55CE5031-66EB-4E48-A208-7F2F69E61063}.Debug|iPhone.ActiveCfg = Debug|Any CPU
		{55CE5031-66EB-4E48-A208-7F2F69E61063}.Debug|iPhone.Build.0 = Debug|Any CPU
		{55CE5031-66EB-4E48-A208-7F2F69E61063}.Debug|iPhoneSimulator.ActiveCfg = Debug|Any CPU
		{55CE5031-66EB-4E48-A208-7F2F69E61063}.Debug|iPhoneSimulator.Build.0 = Debug|Any CPU
		{55CE5031-66EB-4E48-A208-7F2F69E61063}.Debug|x64.ActiveCfg = Debug|Any CPU
		{55CE5031-66EB-4E48-A208-7F2F69E61063}.Debug|x64.Build.0 = Debug|Any CPU
		{55CE5031-66EB-4E48-A208-7F2F69E61063}.Debug|x86.ActiveCfg = Debug|Any CPU
		{55CE5031-66EB-4E48-A208-7F2F69E61063}.Debug|x86.Build.0 = Debug|Any CPU
		{55CE5031-66EB-4E48-A208-7F2F69E61063}.Release|Any CPU.ActiveCfg = Release|Any CPU
		{55CE5031-66EB-4E48-A208-7F2F69E61063}.Release|Any CPU.Build.0 = Release|Any CPU
		{55CE5031-66EB-4E48-A208-7F2F69E61063}.Release|ARM.ActiveCfg = Release|Any CPU
		{55CE5031-66EB-4E48-A208-7F2F69E61063}.Release|ARM.Build.0 = Release|Any CPU
		{55CE5031-66EB-4E48-A208-7F2F69E61063}.Release|iPhone.ActiveCfg = Release|Any CPU
		{55CE5031-66EB-4E48-A208-7F2F69E61063}.Release|iPhone.Build.0 = Release|Any CPU
		{55CE5031-66EB-4E48-A208-7F2F69E61063}.Release|iPhoneSimulator.ActiveCfg = Release|Any CPU
		{55CE5031-66EB-4E48-A208-7F2F69E61063}.Release|iPhoneSimulator.Build.0 = Release|Any CPU
		{55CE5031-66EB-4E48-A208-7F2F69E61063}.Release|x64.ActiveCfg = Release|Any CPU
		{55CE5031-66EB-4E48-A208-7F2F69E61063}.Release|x64.Build.0 = Release|Any CPU
		{55CE5031-66EB-4E48-A208-7F2F69E61063}.Release|x86.ActiveCfg = Release|Any CPU
		{55CE5031-66EB-4E48-A208-7F2F69E61063}.Release|x86.Build.0 = Release|Any CPU
	EndGlobalSection
	GlobalSection(SolutionProperties) = preSolution
		HideSolutionNode = FALSE
	EndGlobalSection
	GlobalSection(ExtensibilityGlobals) = postSolution
		SolutionGuid = {4431D1A7-A1E4-4F54-9BF6-5D9683FD4FFF}
	EndGlobalSection
EndGlobal
